
Microsoft Visual Studio Solution File, Format Version 12.00
Project("{FAE04EC0-301F-11D3-BF4B-00C04F79EFBC}") = "ClassLibrary1", "ClassLibrary1\ClassLibrary1.csproj", "{736AFA0E-8380-4F2C-8721-7E2C4341E0CE}"
EndProject
Project("{FAE04EC0-301F-11D3-BF4B-00C04F79EFBC}") = "SpecFlowProject1", "SpecFlowProject1\SpecFlowProject1.csproj", "{A3B49D25-DFCA-4237-9C35-4E8DF7C0FFFE}"
EndProject
Global
	GlobalSection(SolutionConfigurationPlatforms) = preSolution
		Debug|Any CPU = Debug|Any CPU
		Release|Any CPU = Release|Any CPU
	EndGlobalSection
	GlobalSection(ProjectConfigurationPlatforms) = postSolution
		{736AFA0E-8380-4F2C-8721-7E2C4341E0CE}.Debug|Any CPU.ActiveCfg = Debug|Any CPU
		{736AFA0E-8380-4F2C-8721-7E2C4341E0CE}.Debug|Any CPU.Build.0 = Debug|Any CPU
		{736AFA0E-8380-4F2C-8721-7E2C4341E0CE}.Release|Any CPU.ActiveCfg = Release|Any CPU
		{736AFA0E-8380-4F2C-8721-7E2C4341E0CE}.Release|Any CPU.Build.0 = Release|Any CPU
		{A3B49D25-DFCA-4237-9C35-4E8DF7C0FFFE}.Debug|Any CPU.ActiveCfg = Debug|Any CPU
		{A3B49D25-DFCA-4237-9C35-4E8DF7C0FFFE}.Debug|Any CPU.Build.0 = Debug|Any CPU
		{A3B49D25-DFCA-4237-9C35-4E8DF7C0FFFE}.Release|Any CPU.ActiveCfg = Release|Any CPU
		{A3B49D25-DFCA-4237-9C35-4E8DF7C0FFFE}.Release|Any CPU.Build.0 = Release|Any CPU
	EndGlobalSection
EndGlobal
