
Microsoft Visual Studio Solution File, Format Version 12.00
Project("{FAE04EC0-301F-11D3-BF4B-00C04F79EFBC}") = "TestProject1", "TestProject1.csproj", "{F5873925-57CE-4DE6-981C-7AB1A6C6FD00}"
EndProject
Global
	GlobalSection(SolutionConfigurationPlatforms) = preSolution
		Debug|Any CPU = Debug|Any CPU
		Release|Any CPU = Release|Any CPU
	EndGlobalSection
	GlobalSection(ProjectConfigurationPlatforms) = postSolution
		{F5873925-57CE-4DE6-981C-7AB1A6C6FD00}.Debug|Any CPU.ActiveCfg = Debug|Any CPU
		{F5873925-57CE-4DE6-981C-7AB1A6C6FD00}.Debug|Any CPU.Build.0 = Debug|Any CPU
		{F5873925-57CE-4DE6-981C-7AB1A6C6FD00}.Release|Any CPU.ActiveCfg = Release|Any CPU
		{F5873925-57CE-4DE6-981C-7AB1A6C6FD00}.Release|Any CPU.Build.0 = Release|Any CPU
	EndGlobalSection
EndGlobal
